// !$*UTF8*$!
{
	archiveVersion = 1;
	classes = {
	};
	objectVersion = 55;
	objects = {

/* Begin PBXBuildFile section */
		6515351627E1C83B008DE701 /* TitleImageCollectionViewCell.swift in Sources */ = {isa = PBXBuildFile; fileRef = 6515351527E1C83B008DE701 /* TitleImageCollectionViewCell.swift */; };
		6515351927E1D2B1008DE701 /* SDWebImage in Frameworks */ = {isa = PBXBuildFile; productRef = 6515351827E1D2B1008DE701 /* SDWebImage */; };
		6515351B27E1D2B1008DE701 /* SDWebImageMapKit in Frameworks */ = {isa = PBXBuildFile; productRef = 6515351A27E1D2B1008DE701 /* SDWebImageMapKit */; };
		6541A03B27DB2CCB00BC1A33 /* APICaller.swift in Sources */ = {isa = PBXBuildFile; fileRef = 6541A03A27DB2CCB00BC1A33 /* APICaller.swift */; };
		6541A03D27DB83F300BC1A33 /* TrendingTitleModel.swift in Sources */ = {isa = PBXBuildFile; fileRef = 6541A03C27DB83F200BC1A33 /* TrendingTitleModel.swift */; };
		6599230827D771CE00392501 /* AppDelegate.swift in Sources */ = {isa = PBXBuildFile; fileRef = 6599230727D771CE00392501 /* AppDelegate.swift */; };
		6599230A27D771CE00392501 /* SceneDelegate.swift in Sources */ = {isa = PBXBuildFile; fileRef = 6599230927D771CE00392501 /* SceneDelegate.swift */; };
		6599230C27D771CE00392501 /* MainTabBarViewController.swift in Sources */ = {isa = PBXBuildFile; fileRef = 6599230B27D771CE00392501 /* MainTabBarViewController.swift */; };
		6599231127D771CF00392501 /* Assets.xcassets in Resources */ = {isa = PBXBuildFile; fileRef = 6599231027D771CF00392501 /* Assets.xcassets */; };
		6599231427D771CF00392501 /* LaunchScreen.storyboard in Resources */ = {isa = PBXBuildFile; fileRef = 6599231227D771CF00392501 /* LaunchScreen.storyboard */; };
		6599231E27D775BA00392501 /* HomeViewController.swift in Sources */ = {isa = PBXBuildFile; fileRef = 6599231D27D775BA00392501 /* HomeViewController.swift */; };
		6599232027D7761C00392501 /* UpcomingViewController.swift in Sources */ = {isa = PBXBuildFile; fileRef = 6599231F27D7761B00392501 /* UpcomingViewController.swift */; };
		6599232227D7764400392501 /* SearchViewController.swift in Sources */ = {isa = PBXBuildFile; fileRef = 6599232127D7764400392501 /* SearchViewController.swift */; };
		6599232427D7766500392501 /* DownloadsViewController.swift in Sources */ = {isa = PBXBuildFile; fileRef = 6599232327D7766500392501 /* DownloadsViewController.swift */; };
		6599232B27D77F1E00392501 /* CollectionTableViewCell.swift in Sources */ = {isa = PBXBuildFile; fileRef = 6599232A27D77F1E00392501 /* CollectionTableViewCell.swift */; };
		6599232D27D7C40900392501 /* HeroHeaderUIView.swift in Sources */ = {isa = PBXBuildFile; fileRef = 6599232C27D7C40900392501 /* HeroHeaderUIView.swift */; };
		65A44C2A27EB0B790050A4E6 /* NetflixCloneModel.xcdatamodeld in Sources */ = {isa = PBXBuildFile; fileRef = 65A44C2827EB0B790050A4E6 /* NetflixCloneModel.xcdatamodeld */; };
		65A44C2C27EB12750050A4E6 /* DataPersistenceManager.swift in Sources */ = {isa = PBXBuildFile; fileRef = 65A44C2B27EB12750050A4E6 /* DataPersistenceManager.swift */; };
		65B12EA127DF221400C380A4 /* Extensions.swift in Sources */ = {isa = PBXBuildFile; fileRef = 65B12EA027DF221400C380A4 /* Extensions.swift */; };
		65B23E6027E5E46000182B05 /* TitleTableViewCell.swift in Sources */ = {isa = PBXBuildFile; fileRef = 65B23E5F27E5E46000182B05 /* TitleTableViewCell.swift */; };
		65B23E6227E5FCE100182B05 /* TitleViewModel.swift in Sources */ = {isa = PBXBuildFile; fileRef = 65B23E6127E5FCE100182B05 /* TitleViewModel.swift */; };
		65BB874227E8FABA0066DAB0 /* YoutubeSearchModel.swift in Sources */ = {isa = PBXBuildFile; fileRef = 65BB874127E8FABA0066DAB0 /* YoutubeSearchModel.swift */; };
		65BB874627E90A0C0066DAB0 /* TitlePreviewViewController.swift in Sources */ = {isa = PBXBuildFile; fileRef = 65BB874527E90A0C0066DAB0 /* TitlePreviewViewController.swift */; };
		65BB874827E916990066DAB0 /* TitlePreviewViewModel.swift in Sources */ = {isa = PBXBuildFile; fileRef = 65BB874727E916990066DAB0 /* TitlePreviewViewModel.swift */; };
		65CB44FF27E87ACA00B3BD99 /* SearchResultViewController.swift in Sources */ = {isa = PBXBuildFile; fileRef = 65CB44FE27E87ACA00B3BD99 /* SearchResultViewController.swift */; };
/* End PBXBuildFile section */

/* Begin PBXFileReference section */
		6515351527E1C83B008DE701 /* TitleImageCollectionViewCell.swift */ = {isa = PBXFileReference; lastKnownFileType = sourcecode.swift; path = TitleImageCollectionViewCell.swift; sourceTree = "<group>"; };
		6541A03A27DB2CCB00BC1A33 /* APICaller.swift */ = {isa = PBXFileReference; lastKnownFileType = sourcecode.swift; path = APICaller.swift; sourceTree = "<group>"; };
		6541A03C27DB83F200BC1A33 /* TrendingTitleModel.swift */ = {isa = PBXFileReference; lastKnownFileType = sourcecode.swift; path = TrendingTitleModel.swift; sourceTree = "<group>"; };
		6599230427D771CE00392501 /* NetflixClone.app */ = {isa = PBXFileReference; explicitFileType = wrapper.application; includeInIndex = 0; path = NetflixClone.app; sourceTree = BUILT_PRODUCTS_DIR; };
		6599230727D771CE00392501 /* AppDelegate.swift */ = {isa = PBXFileReference; lastKnownFileType = sourcecode.swift; path = AppDelegate.swift; sourceTree = "<group>"; };
		6599230927D771CE00392501 /* SceneDelegate.swift */ = {isa = PBXFileReference; lastKnownFileType = sourcecode.swift; path = SceneDelegate.swift; sourceTree = "<group>"; };
		6599230B27D771CE00392501 /* MainTabBarViewController.swift */ = {isa = PBXFileReference; lastKnownFileType = sourcecode.swift; path = MainTabBarViewController.swift; sourceTree = "<group>"; };
		6599231027D771CF00392501 /* Assets.xcassets */ = {isa = PBXFileReference; lastKnownFileType = folder.assetcatalog; path = Assets.xcassets; sourceTree = "<group>"; };
		6599231327D771CF00392501 /* Base */ = {isa = PBXFileReference; lastKnownFileType = file.storyboard; name = Base; path = Base.lproj/LaunchScreen.storyboard; sourceTree = "<group>"; };
		6599231527D771CF00392501 /* Info.plist */ = {isa = PBXFileReference; lastKnownFileType = text.plist.xml; path = Info.plist; sourceTree = "<group>"; };
		6599231D27D775BA00392501 /* HomeViewController.swift */ = {isa = PBXFileReference; lastKnownFileType = sourcecode.swift; path = HomeViewController.swift; sourceTree = "<group>"; };
		6599231F27D7761B00392501 /* UpcomingViewController.swift */ = {isa = PBXFileReference; lastKnownFileType = sourcecode.swift; path = UpcomingViewController.swift; sourceTree = "<group>"; };
		6599232127D7764400392501 /* SearchViewController.swift */ = {isa = PBXFileReference; lastKnownFileType = sourcecode.swift; path = SearchViewController.swift; sourceTree = "<group>"; };
		6599232327D7766500392501 /* DownloadsViewController.swift */ = {isa = PBXFileReference; lastKnownFileType = sourcecode.swift; path = DownloadsViewController.swift; sourceTree = "<group>"; };
		6599232A27D77F1E00392501 /* CollectionTableViewCell.swift */ = {isa = PBXFileReference; lastKnownFileType = sourcecode.swift; path = CollectionTableViewCell.swift; sourceTree = "<group>"; };
		6599232C27D7C40900392501 /* HeroHeaderUIView.swift */ = {isa = PBXFileReference; lastKnownFileType = sourcecode.swift; path = HeroHeaderUIView.swift; sourceTree = "<group>"; };
		65A44C2927EB0B790050A4E6 /* NetflixCloneModel.xcdatamodel */ = {isa = PBXFileReference; lastKnownFileType = wrapper.xcdatamodel; path = NetflixCloneModel.xcdatamodel; sourceTree = "<group>"; };
		65A44C2B27EB12750050A4E6 /* DataPersistenceManager.swift */ = {isa = PBXFileReference; lastKnownFileType = sourcecode.swift; path = DataPersistenceManager.swift; sourceTree = "<group>"; };
		65B12EA027DF221400C380A4 /* Extensions.swift */ = {isa = PBXFileReference; lastKnownFileType = sourcecode.swift; path = Extensions.swift; sourceTree = "<group>"; };
		65B23E5F27E5E46000182B05 /* TitleTableViewCell.swift */ = {isa = PBXFileReference; lastKnownFileType = sourcecode.swift; path = TitleTableViewCell.swift; sourceTree = "<group>"; };
		65B23E6127E5FCE100182B05 /* TitleViewModel.swift */ = {isa = PBXFileReference; lastKnownFileType = sourcecode.swift; name = TitleViewModel.swift; path = NetflixClone/Views/Upcoming/TitleViewModel.swift; sourceTree = SOURCE_ROOT; };
		65BB874127E8FABA0066DAB0 /* YoutubeSearchModel.swift */ = {isa = PBXFileReference; lastKnownFileType = sourcecode.swift; path = YoutubeSearchModel.swift; sourceTree = "<group>"; };
		65BB874527E90A0C0066DAB0 /* TitlePreviewViewController.swift */ = {isa = PBXFileReference; lastKnownFileType = sourcecode.swift; path = TitlePreviewViewController.swift; sourceTree = "<group>"; };
		65BB874727E916990066DAB0 /* TitlePreviewViewModel.swift */ = {isa = PBXFileReference; lastKnownFileType = sourcecode.swift; name = TitlePreviewViewModel.swift; path = NetflixClone/Controllers/General/TitlePreviewViewModel.swift; sourceTree = SOURCE_ROOT; };
		65CB44FE27E87ACA00B3BD99 /* SearchResultViewController.swift */ = {isa = PBXFileReference; lastKnownFileType = sourcecode.swift; path = SearchResultViewController.swift; sourceTree = "<group>"; };
/* End PBXFileReference section */

/* Begin PBXFrameworksBuildPhase section */
		6599230127D771CE00392501 /* Frameworks */ = {
			isa = PBXFrameworksBuildPhase;
			buildActionMask = 2147483647;
			files = (
				6515351B27E1D2B1008DE701 /* SDWebImageMapKit in Frameworks */,
				6515351927E1D2B1008DE701 /* SDWebImage in Frameworks */,
			);
			runOnlyForDeploymentPostprocessing = 0;
		};
/* End PBXFrameworksBuildPhase section */

/* Begin PBXGroup section */
		659922FB27D771CE00392501 = {
			isa = PBXGroup;
			children = (
				6599230627D771CE00392501 /* NetflixClone */,
				6599230527D771CE00392501 /* Products */,
			);
			sourceTree = "<group>";
		};
		6599230527D771CE00392501 /* Products */ = {
			isa = PBXGroup;
			children = (
				6599230427D771CE00392501 /* NetflixClone.app */,
			);
			name = Products;
			sourceTree = "<group>";
		};
		6599230627D771CE00392501 /* NetflixClone */ = {
			isa = PBXGroup;
			children = (
				6599231B27D7742F00392501 /* Delegate */,
				6599232927D77EB100392501 /* Managers */,
				6599232827D77EAA00392501 /* Resources */,
				6599232727D77E7700392501 /* Models */,
				6599232627D77E7100392501 /* Views */,
				6599232527D77E5900392501 /* ViewModels */,
				6599231C27D775A000392501 /* Controllers */,
				6599231027D771CF00392501 /* Assets.xcassets */,
				6599231227D771CF00392501 /* LaunchScreen.storyboard */,
				6599231527D771CF00392501 /* Info.plist */,
				65A44C2827EB0B790050A4E6 /* NetflixCloneModel.xcdatamodeld */,
			);
			path = NetflixClone;
			sourceTree = "<group>";
		};
		6599231B27D7742F00392501 /* Delegate */ = {
			isa = PBXGroup;
			children = (
				6599230727D771CE00392501 /* AppDelegate.swift */,
				6599230927D771CE00392501 /* SceneDelegate.swift */,
			);
			path = Delegate;
			sourceTree = "<group>";
		};
		6599231C27D775A000392501 /* Controllers */ = {
			isa = PBXGroup;
			children = (
				6599230B27D771CE00392501 /* MainTabBarViewController.swift */,
				65CB44FD27E87AA000B3BD99 /* General */,
				65CB44FC27E87A9B00B3BD99 /* Base */,
			);
			path = Controllers;
			sourceTree = "<group>";
		};
		6599232527D77E5900392501 /* ViewModels */ = {
			isa = PBXGroup;
			children = (
				65B23E6127E5FCE100182B05 /* TitleViewModel.swift */,
				65BB874727E916990066DAB0 /* TitlePreviewViewModel.swift */,
			);
			path = ViewModels;
			sourceTree = "<group>";
		};
		6599232627D77E7100392501 /* Views */ = {
			isa = PBXGroup;
			children = (
				65B23E5E27E5E3A800182B05 /* Upcoming */,
				6599232E27D7E71F00392501 /* Home */,
			);
			path = Views;
			sourceTree = "<group>";
		};
		6599232727D77E7700392501 /* Models */ = {
			isa = PBXGroup;
			children = (
				6541A03C27DB83F200BC1A33 /* TrendingTitleModel.swift */,
				65BB874127E8FABA0066DAB0 /* YoutubeSearchModel.swift */,
			);
			path = Models;
			sourceTree = "<group>";
		};
		6599232827D77EAA00392501 /* Resources */ = {
			isa = PBXGroup;
			children = (
				65B12EA027DF221400C380A4 /* Extensions.swift */,
			);
			path = Resources;
			sourceTree = "<group>";
		};
		6599232927D77EB100392501 /* Managers */ = {
			isa = PBXGroup;
			children = (
				6541A03A27DB2CCB00BC1A33 /* APICaller.swift */,
				65A44C2B27EB12750050A4E6 /* DataPersistenceManager.swift */,
			);
			path = Managers;
			sourceTree = "<group>";
		};
		6599232E27D7E71F00392501 /* Home */ = {
			isa = PBXGroup;
			children = (
				6599232A27D77F1E00392501 /* CollectionTableViewCell.swift */,
				6599232C27D7C40900392501 /* HeroHeaderUIView.swift */,
				6515351527E1C83B008DE701 /* TitleImageCollectionViewCell.swift */,
			);
			path = Home;
			sourceTree = "<group>";
		};
		65B23E5E27E5E3A800182B05 /* Upcoming */ = {
			isa = PBXGroup;
			children = (
				65B23E5F27E5E46000182B05 /* TitleTableViewCell.swift */,
			);
			path = Upcoming;
			sourceTree = "<group>";
		};
		65CB44FC27E87A9B00B3BD99 /* Base */ = {
			isa = PBXGroup;
			children = (
				6599231D27D775BA00392501 /* HomeViewController.swift */,
				6599231F27D7761B00392501 /* UpcomingViewController.swift */,
				6599232127D7764400392501 /* SearchViewController.swift */,
				6599232327D7766500392501 /* DownloadsViewController.swift */,
			);
			path = Base;
			sourceTree = "<group>";
		};
		65CB44FD27E87AA000B3BD99 /* General */ = {
			isa = PBXGroup;
			children = (
				65CB44FE27E87ACA00B3BD99 /* SearchResultViewController.swift */,
				65BB874527E90A0C0066DAB0 /* TitlePreviewViewController.swift */,
			);
			path = General;
			sourceTree = "<group>";
		};
/* End PBXGroup section */

/* Begin PBXNativeTarget section */
		6599230327D771CE00392501 /* NetflixClone */ = {
			isa = PBXNativeTarget;
			buildConfigurationList = 6599231827D771CF00392501 /* Build configuration list for PBXNativeTarget "NetflixClone" */;
			buildPhases = (
				6599230027D771CE00392501 /* Sources */,
				6599230127D771CE00392501 /* Frameworks */,
				6599230227D771CE00392501 /* Resources */,
			);
			buildRules = (
			);
			dependencies = (
			);
			name = NetflixClone;
			packageProductDependencies = (
				6515351827E1D2B1008DE701 /* SDWebImage */,
				6515351A27E1D2B1008DE701 /* SDWebImageMapKit */,
			);
			productName = NetflixClone;
			productReference = 6599230427D771CE00392501 /* NetflixClone.app */;
			productType = "com.apple.product-type.application";
		};
/* End PBXNativeTarget section */

/* Begin PBXProject section */
		659922FC27D771CE00392501 /* Project object */ = {
			isa = PBXProject;
			attributes = {
				BuildIndependentTargetsInParallel = 1;
				LastSwiftUpdateCheck = 1320;
				LastUpgradeCheck = 1320;
				TargetAttributes = {
					6599230327D771CE00392501 = {
						CreatedOnToolsVersion = 13.2.1;
					};
				};
			};
			buildConfigurationList = 659922FF27D771CE00392501 /* Build configuration list for PBXProject "NetflixClone" */;
			compatibilityVersion = "Xcode 13.0";
			developmentRegion = en;
			hasScannedForEncodings = 0;
			knownRegions = (
				en,
				Base,
			);
			mainGroup = 659922FB27D771CE00392501;
			packageReferences = (
				6515351727E1D2B1008DE701 /* XCRemoteSwiftPackageReference "SDWebImage" */,
			);
			productRefGroup = 6599230527D771CE00392501 /* Products */;
			projectDirPath = "";
			projectRoot = "";
			targets = (
				6599230327D771CE00392501 /* NetflixClone */,
			);
		};
/* End PBXProject section */

/* Begin PBXResourcesBuildPhase section */
		6599230227D771CE00392501 /* Resources */ = {
			isa = PBXResourcesBuildPhase;
			buildActionMask = 2147483647;
			files = (
				6599231427D771CF00392501 /* LaunchScreen.storyboard in Resources */,
				6599231127D771CF00392501 /* Assets.xcassets in Resources */,
			);
			runOnlyForDeploymentPostprocessing = 0;
		};
/* End PBXResourcesBuildPhase section */

/* Begin PBXSourcesBuildPhase section */
		6599230027D771CE00392501 /* Sources */ = {
			isa = PBXSourcesBuildPhase;
			buildActionMask = 2147483647;
			files = (
				65B23E6027E5E46000182B05 /* TitleTableViewCell.swift in Sources */,
				6599232227D7764400392501 /* SearchViewController.swift in Sources */,
				6515351627E1C83B008DE701 /* TitleImageCollectionViewCell.swift in Sources */,
				65A44C2C27EB12750050A4E6 /* DataPersistenceManager.swift in Sources */,
				6599230C27D771CE00392501 /* MainTabBarViewController.swift in Sources */,
				6599232427D7766500392501 /* DownloadsViewController.swift in Sources */,
				6541A03B27DB2CCB00BC1A33 /* APICaller.swift in Sources */,
				65A44C2A27EB0B790050A4E6 /* NetflixCloneModel.xcdatamodeld in Sources */,
				6599232D27D7C40900392501 /* HeroHeaderUIView.swift in Sources */,
				6541A03D27DB83F300BC1A33 /* TrendingTitleModel.swift in Sources */,
				6599230827D771CE00392501 /* AppDelegate.swift in Sources */,
				65B12EA127DF221400C380A4 /* Extensions.swift in Sources */,
				6599230A27D771CE00392501 /* SceneDelegate.swift in Sources */,
				6599232027D7761C00392501 /* UpcomingViewController.swift in Sources */,
				6599231E27D775BA00392501 /* HomeViewController.swift in Sources */,
				65BB874827E916990066DAB0 /* TitlePreviewViewModel.swift in Sources */,
				6599232B27D77F1E00392501 /* CollectionTableViewCell.swift in Sources */,
				65BB874627E90A0C0066DAB0 /* TitlePreviewViewController.swift in Sources */,
				65CB44FF27E87ACA00B3BD99 /* SearchResultViewController.swift in Sources */,
				65BB874227E8FABA0066DAB0 /* YoutubeSearchModel.swift in Sources */,
				65B23E6227E5FCE100182B05 /* TitleViewModel.swift in Sources */,
			);
			runOnlyForDeploymentPostprocessing = 0;
		};
/* End PBXSourcesBuildPhase section */

/* Begin PBXVariantGroup section */
		6599231227D771CF00392501 /* LaunchScreen.storyboard */ = {
			isa = PBXVariantGroup;
			children = (
				6599231327D771CF00392501 /* Base */,
			);
			name = LaunchScreen.storyboard;
			sourceTree = "<group>";
		};
/* End PBXVariantGroup section */

/* Begin XCBuildConfiguration section */
		6599231627D771CF00392501 /* Debug */ = {
			isa = XCBuildConfiguration;
			buildSettings = {
				ALWAYS_SEARCH_USER_PATHS = NO;
				CLANG_ANALYZER_NONNULL = YES;
				CLANG_ANALYZER_NUMBER_OBJECT_CONVERSION = YES_AGGRESSIVE;
				CLANG_CXX_LANGUAGE_STANDARD = "gnu++17";
				CLANG_CXX_LIBRARY = "libc++";
				CLANG_ENABLE_MODULES = YES;
				CLANG_ENABLE_OBJC_ARC = YES;
				CLANG_ENABLE_OBJC_WEAK = YES;
				CLANG_WARN_BLOCK_CAPTURE_AUTORELEASING = YES;
				CLANG_WARN_BOOL_CONVERSION = YES;
				CLANG_WARN_COMMA = YES;
				CLANG_WARN_CONSTANT_CONVERSION = YES;
				CLANG_WARN_DEPRECATED_OBJC_IMPLEMENTATIONS = YES;
				CLANG_WARN_DIRECT_OBJC_ISA_USAGE = YES_ERROR;
				CLANG_WARN_DOCUMENTATION_COMMENTS = YES;
				CLANG_WARN_EMPTY_BODY = YES;
				CLANG_WARN_ENUM_CONVERSION = YES;
				CLANG_WARN_INFINITE_RECURSION = YES;
				CLANG_WARN_INT_CONVERSION = YES;
				CLANG_WARN_NON_LITERAL_NULL_CONVERSION = YES;
				CLANG_WARN_OBJC_IMPLICIT_RETAIN_SELF = YES;
				CLANG_WARN_OBJC_LITERAL_CONVERSION = YES;
				CLANG_WARN_OBJC_ROOT_CLASS = YES_ERROR;
				CLANG_WARN_QUOTED_INCLUDE_IN_FRAMEWORK_HEADER = YES;
				CLANG_WARN_RANGE_LOOP_ANALYSIS = YES;
				CLANG_WARN_STRICT_PROTOTYPES = YES;
				CLANG_WARN_SUSPICIOUS_MOVE = YES;
				CLANG_WARN_UNGUARDED_AVAILABILITY = YES_AGGRESSIVE;
				CLANG_WARN_UNREACHABLE_CODE = YES;
				CLANG_WARN__DUPLICATE_METHOD_MATCH = YES;
				COPY_PHASE_STRIP = NO;
				DEBUG_INFORMATION_FORMAT = dwarf;
				ENABLE_STRICT_OBJC_MSGSEND = YES;
				ENABLE_TESTABILITY = YES;
				GCC_C_LANGUAGE_STANDARD = gnu11;
				GCC_DYNAMIC_NO_PIC = NO;
				GCC_NO_COMMON_BLOCKS = YES;
				GCC_OPTIMIZATION_LEVEL = 0;
				GCC_PREPROCESSOR_DEFINITIONS = (
					"DEBUG=1",
					"$(inherited)",
				);
				GCC_WARN_64_TO_32_BIT_CONVERSION = YES;
				GCC_WARN_ABOUT_RETURN_TYPE = YES_ERROR;
				GCC_WARN_UNDECLARED_SELECTOR = YES;
				GCC_WARN_UNINITIALIZED_AUTOS = YES_AGGRESSIVE;
				GCC_WARN_UNUSED_FUNCTION = YES;
				GCC_WARN_UNUSED_VARIABLE = YES;
				IPHONEOS_DEPLOYMENT_TARGET = 15.2;
				MTL_ENABLE_DEBUG_INFO = INCLUDE_SOURCE;
				MTL_FAST_MATH = YES;
				ONLY_ACTIVE_ARCH = YES;
				SDKROOT = iphoneos;
				SWIFT_ACTIVE_COMPILATION_CONDITIONS = DEBUG;
				SWIFT_OPTIMIZATION_LEVEL = "-Onone";
			};
			name = Debug;
		};
		6599231727D771CF00392501 /* Release */ = {
			isa = XCBuildConfiguration;
			buildSettings = {
				ALWAYS_SEARCH_USER_PATHS = NO;
				CLANG_ANALYZER_NONNULL = YES;
				CLANG_ANALYZER_NUMBER_OBJECT_CONVERSION = YES_AGGRESSIVE;
				CLANG_CXX_LANGUAGE_STANDARD = "gnu++17";
				CLANG_CXX_LIBRARY = "libc++";
				CLANG_ENABLE_MODULES = YES;
				CLANG_ENABLE_OBJC_ARC = YES;
				CLANG_ENABLE_OBJC_WEAK = YES;
				CLANG_WARN_BLOCK_CAPTURE_AUTORELEASING = YES;
				CLANG_WARN_BOOL_CONVERSION = YES;
				CLANG_WARN_COMMA = YES;
				CLANG_WARN_CONSTANT_CONVERSION = YES;
				CLANG_WARN_DEPRECATED_OBJC_IMPLEMENTATIONS = YES;
				CLANG_WARN_DIRECT_OBJC_ISA_USAGE = YES_ERROR;
				CLANG_WARN_DOCUMENTATION_COMMENTS = YES;
				CLANG_WARN_EMPTY_BODY = YES;
				CLANG_WARN_ENUM_CONVERSION = YES;
				CLANG_WARN_INFINITE_RECURSION = YES;
				CLANG_WARN_INT_CONVERSION = YES;
				CLANG_WARN_NON_LITERAL_NULL_CONVERSION = YES;
				CLANG_WARN_OBJC_IMPLICIT_RETAIN_SELF = YES;
				CLANG_WARN_OBJC_LITERAL_CONVERSION = YES;
				CLANG_WARN_OBJC_ROOT_CLASS = YES_ERROR;
				CLANG_WARN_QUOTED_INCLUDE_IN_FRAMEWORK_HEADER = YES;
				CLANG_WARN_RANGE_LOOP_ANALYSIS = YES;
				CLANG_WARN_STRICT_PROTOTYPES = YES;
				CLANG_WARN_SUSPICIOUS_MOVE = YES;
				CLANG_WARN_UNGUARDED_AVAILABILITY = YES_AGGRESSIVE;
				CLANG_WARN_UNREACHABLE_CODE = YES;
				CLANG_WARN__DUPLICATE_METHOD_MATCH = YES;
				COPY_PHASE_STRIP = NO;
				DEBUG_INFORMATION_FORMAT = "dwarf-with-dsym";
				ENABLE_NS_ASSERTIONS = NO;
				ENABLE_STRICT_OBJC_MSGSEND = YES;
				GCC_C_LANGUAGE_STANDARD = gnu11;
				GCC_NO_COMMON_BLOCKS = YES;
				GCC_WARN_64_TO_32_BIT_CONVERSION = YES;
				GCC_WARN_ABOUT_RETURN_TYPE = YES_ERROR;
				GCC_WARN_UNDECLARED_SELECTOR = YES;
				GCC_WARN_UNINITIALIZED_AUTOS = YES_AGGRESSIVE;
				GCC_WARN_UNUSED_FUNCTION = YES;
				GCC_WARN_UNUSED_VARIABLE = YES;
				IPHONEOS_DEPLOYMENT_TARGET = 15.2;
				MTL_ENABLE_DEBUG_INFO = NO;
				MTL_FAST_MATH = YES;
				SDKROOT = iphoneos;
				SWIFT_COMPILATION_MODE = wholemodule;
				SWIFT_OPTIMIZATION_LEVEL = "-O";
				VALIDATE_PRODUCT = YES;
			};
			name = Release;
		};
		6599231927D771CF00392501 /* Debug */ = {
			isa = XCBuildConfiguration;
			buildSettings = {
				ASSETCATALOG_COMPILER_APPICON_NAME = AppIcon;
				ASSETCATALOG_COMPILER_GLOBAL_ACCENT_COLOR_NAME = AccentColor;
				CODE_SIGN_STYLE = Automatic;
				CURRENT_PROJECT_VERSION = 1;
				DEVELOPMENT_TEAM = UUB7XUTT6S;
				GENERATE_INFOPLIST_FILE = YES;
				INFOPLIST_FILE = NetflixClone/Info.plist;
				INFOPLIST_KEY_UIApplicationSupportsIndirectInputEvents = YES;
				INFOPLIST_KEY_UILaunchStoryboardName = LaunchScreen;
				INFOPLIST_KEY_UISupportedInterfaceOrientations_iPad = "UIInterfaceOrientationPortrait UIInterfaceOrientationPortraitUpsideDown UIInterfaceOrientationLandscapeLeft UIInterfaceOrientationLandscapeRight";
				INFOPLIST_KEY_UISupportedInterfaceOrientations_iPhone = "UIInterfaceOrientationPortrait UIInterfaceOrientationLandscapeLeft UIInterfaceOrientationLandscapeRight";
				LD_RUNPATH_SEARCH_PATHS = (
					"$(inherited)",
					"@executable_path/Frameworks",
				);
				MARKETING_VERSION = 1.0;
				PRODUCT_BUNDLE_IDENTIFIER = com.ferhatiltas.NetflixClone;
				PRODUCT_NAME = "$(TARGET_NAME)";
				SWIFT_EMIT_LOC_STRINGS = YES;
				SWIFT_VERSION = 5.0;
				TARGETED_DEVICE_FAMILY = "1,2";
			};
			name = Debug;
		};
		6599231A27D771CF00392501 /* Release */ = {
			isa = XCBuildConfiguration;
			buildSettings = {
				ASSETCATALOG_COMPILER_APPICON_NAME = AppIcon;
				ASSETCATALOG_COMPILER_GLOBAL_ACCENT_COLOR_NAME = AccentColor;
				CODE_SIGN_STYLE = Automatic;
				CURRENT_PROJECT_VERSION = 1;
				DEVELOPMENT_TEAM = UUB7XUTT6S;
				GENERATE_INFOPLIST_FILE = YES;
				INFOPLIST_FILE = NetflixClone/Info.plist;
				INFOPLIST_KEY_UIApplicationSupportsIndirectInputEvents = YES;
				INFOPLIST_KEY_UILaunchStoryboardName = LaunchScreen;
				INFOPLIST_KEY_UISupportedInterfaceOrientations_iPad = "UIInterfaceOrientationPortrait UIInterfaceOrientationPortraitUpsideDown UIInterfaceOrientationLandscapeLeft UIInterfaceOrientationLandscapeRight";
				INFOPLIST_KEY_UISupportedInterfaceOrientations_iPhone = "UIInterfaceOrientationPortrait UIInterfaceOrientationLandscapeLeft UIInterfaceOrientationLandscapeRight";
				LD_RUNPATH_SEARCH_PATHS = (
					"$(inherited)",
					"@executable_path/Frameworks",
				);
				MARKETING_VERSION = 1.0;
				PRODUCT_BUNDLE_IDENTIFIER = com.ferhatiltas.NetflixClone;
				PRODUCT_NAME = "$(TARGET_NAME)";
				SWIFT_EMIT_LOC_STRINGS = YES;
				SWIFT_VERSION = 5.0;
				TARGETED_DEVICE_FAMILY = "1,2";
			};
			name = Release;
		};
/* End XCBuildConfiguration section */

/* Begin XCConfigurationList section */
		659922FF27D771CE00392501 /* Build configuration list for PBXProject "NetflixClone" */ = {
			isa = XCConfigurationList;
			buildConfigurations = (
				6599231627D771CF00392501 /* Debug */,
				6599231727D771CF00392501 /* Release */,
			);
			defaultConfigurationIsVisible = 0;
			defaultConfigurationName = Release;
		};
		6599231827D771CF00392501 /* Build configuration list for PBXNativeTarget "NetflixClone" */ = {
			isa = XCConfigurationList;
			buildConfigurations = (
				6599231927D771CF00392501 /* Debug */,
				6599231A27D771CF00392501 /* Release */,
			);
			defaultConfigurationIsVisible = 0;
			defaultConfigurationName = Release;
		};
/* End XCConfigurationList section */

/* Begin XCRemoteSwiftPackageReference section */
		6515351727E1D2B1008DE701 /* XCRemoteSwiftPackageReference "SDWebImage" */ = {
			isa = XCRemoteSwiftPackageReference;
			repositoryURL = "https://github.com/SDWebImage/SDWebImage.git";
			requirement = {
				kind = upToNextMajorVersion;
				minimumVersion = 5.0.0;
			};
		};
/* End XCRemoteSwiftPackageReference section */

/* Begin XCSwiftPackageProductDependency section */
		6515351827E1D2B1008DE701 /* SDWebImage */ = {
			isa = XCSwiftPackageProductDependency;
			package = 6515351727E1D2B1008DE701 /* XCRemoteSwiftPackageReference "SDWebImage" */;
			productName = SDWebImage;
		};
		6515351A27E1D2B1008DE701 /* SDWebImageMapKit */ = {
			isa = XCSwiftPackageProductDependency;
			package = 6515351727E1D2B1008DE701 /* XCRemoteSwiftPackageReference "SDWebImage" */;
			productName = SDWebImageMapKit;
		};
/* End XCSwiftPackageProductDependency section */

/* Begin XCVersionGroup section */
		65A44C2827EB0B790050A4E6 /* NetflixCloneModel.xcdatamodeld */ = {
			isa = XCVersionGroup;
			children = (
				65A44C2927EB0B790050A4E6 /* NetflixCloneModel.xcdatamodel */,
			);
			currentVersion = 65A44C2927EB0B790050A4E6 /* NetflixCloneModel.xcdatamodel */;
			path = NetflixCloneModel.xcdatamodeld;
			sourceTree = "<group>";
			versionGroupType = wrapper.xcdatamodel;
		};
/* End XCVersionGroup section */
	};
	rootObject = 659922FC27D771CE00392501 /* Project object */;
}
